
Microsoft Visual Studio Solution File, Format Version 12.00
# SQL Server Management Studio Version 22
VisualStudioVersion = 18.8.12023.21 stable
MinimumVisualStudioVersion = 10.0.40219.1
Project("{4F2E2C19-372F-40D8-9FA7-9D2138C6997A}") = "Curso_DP300_Bauer", "Curso_DP300_Bauer.ssmssqlproj", "{EA9F0812-AEA8-9226-A8F6-B23F6F94E594}"
EndProject
Global
	GlobalSection(SolutionConfigurationPlatforms) = preSolution
		Default|Default = Default|Default
	EndGlobalSection
	GlobalSection(ProjectConfigurationPlatforms) = postSolution
		{EA9F0812-AEA8-9226-A8F6-B23F6F94E594}.Default|Default.ActiveCfg = Default
		{BB91CBEB-3436-4874-A5B4-58D71CCDCF80}.Default|Default.ActiveCfg = Default
	EndGlobalSection
	GlobalSection(SolutionProperties) = preSolution
		HideSolutionNode = FALSE
	EndGlobalSection
	GlobalSection(ExtensibilityGlobals) = postSolution
		SolutionGuid = {96D27505-9A21-4FB7-8F08-CEE61B303D2F}
	EndGlobalSection
EndGlobal
